schema: '2.0'
stages:
  train:
    cmd: python3 src/train.py --multirun  hparam=bird_mobilenet_v3_hparam  experiment=bird_classifier_mobilenetv3
      data=birddata hydra.sweeper.n_jobs=2 hydra.launcher.n_jobs=2 +trainer.log_every_n_steps=1
    deps:
    - path: configs/data/birddata.yaml
      hash: md5
      md5: efa7567394a373df4225241190b6f037
      size: 312
    - path: configs/experiment/bird_classifier_mobilenetv3.yaml
      hash: md5
      md5: ee9724078cd8bdbc04bc47ed22d4c975
      size: 1254
    - path: configs/hparam/bird_mobilenet_v3_hparam.yaml
      hash: md5
      md5: 6332e0b2518072666e46a14b9af68c83
      size: 994
    - path: data
      hash: md5
      md5: 97508e4c8a46a85e3cd8e35c13f8a74e.dir
      size: 66665399
      nfiles: 1581
    - path: src/train.py
      hash: md5
      md5: 272c39e806c92bb1991586c71a1453e6
      size: 7108
    outs:
    - path: logs
      hash: md5
      md5: f27536090d7cd31c054a4be8e829a716.dir
      size: 242089
      nfiles: 344
  optimize_training:
    cmd: python3 src/train_optimized_hparam.py experiment=bird_classifier_mobilenetv3
      data=birddata
    deps:
    - path: configs/experiment/bird_classifier_mobilenetv3.yaml
      hash: md5
      md5: ee9724078cd8bdbc04bc47ed22d4c975
      size: 1254
    - path: configs/hparam/bird_mobilenet_v3_hparam.yaml
      hash: md5
      md5: 6332e0b2518072666e46a14b9af68c83
      size: 994
    - path: data
      hash: md5
      md5: 97508e4c8a46a85e3cd8e35c13f8a74e.dir
      size: 66665399
      nfiles: 1581
    - path: src/train_optimized_hparam.py
      hash: md5
      md5: 16f3f353c8b42720e9d5374a7d3fe7fd
      size: 4257
    outs:
    - path: markdown_results/best_hparams.md
      hash: md5
      md5: 3523a02fcaaa72c0df75e3a9e9813ebb
      size: 151
  inference:
    cmd: python3 src/infer.py data=birddata inference=bird_mobilenet_v3_infer
    deps:
    - path: configs/data/birddata.yaml
      hash: md5
      md5: efa7567394a373df4225241190b6f037
      size: 312
    - path: configs/inference/bird_mobilenet_v3_infer.yaml
      hash: md5
      md5: e6da89cdee70cfc15b748bb7b7074bac
      size: 240
    - path: data
      hash: md5
      md5: 97508e4c8a46a85e3cd8e35c13f8a74e.dir
      size: 66665399
      nfiles: 1581
    - path: src/infer.py
      hash: md5
      md5: 3d919b06ac867411c16b5803247066cd
      size: 3446
    outs:
    - path: predictions
      hash: md5
      md5: ee952543f4e948056ea255a60a3ecb27.dir
      size: 4672470
      nfiles: 10
  analyze_experiment:
    cmd: python3 src/utils/analyze_experiments.py
    deps:
    - path: src/utils/analyze_experiments.py
      hash: md5
      md5: 1e60895b02129c056df34ff8d44ac5b9
      size: 10353
    outs:
    - path: markdown_results/hyperparameter_table.md
      hash: md5
      md5: a83ae10ef155fff3ba1e5a1450fb427c
      size: 3179
    - path: plots
      hash: md5
      md5: 7ffa40b4f5ee6208006705604a6a197a.dir
      size: 2597753
      nfiles: 7
